
Microsoft Visual Studio Solution File, Format Version 12.00
# Visual Studio 2012
Project("{FAE04EC0-301F-11D3-BF4B-00C04F79EFBC}") = "RaysHotDogs.Core", "RaysHotDogs.Core\RaysHotDogs.Core.csproj", "{C28B6D65-8E77-43E2-BEC5-1D62BB26859E}"
EndProject
Project("{FAE04EC0-301F-11D3-BF4B-00C04F79EFBC}") = "RAysHotDogs", "RAysHotDogs\RAysHotDogs.csproj", "{586D7423-0A13-4A8B-A5CF-0CB603CADD79}"
EndProject
Global
	GlobalSection(SolutionConfigurationPlatforms) = preSolution
		Debug|Any CPU = Debug|Any CPU
		Release|Any CPU = Release|Any CPU
		Debug|iPhoneSimulator = Debug|iPhoneSimulator
		Release|iPhone = Release|iPhone
		Release|iPhoneSimulator = Release|iPhoneSimulator
		Debug|iPhone = Debug|iPhone
	EndGlobalSection
	GlobalSection(ProjectConfigurationPlatforms) = postSolution
		{C28B6D65-8E77-43E2-BEC5-1D62BB26859E}.Debug|Any CPU.ActiveCfg = Debug|Any CPU
		{C28B6D65-8E77-43E2-BEC5-1D62BB26859E}.Debug|Any CPU.Build.0 = Debug|Any CPU
		{C28B6D65-8E77-43E2-BEC5-1D62BB26859E}.Release|Any CPU.ActiveCfg = Release|Any CPU
		{C28B6D65-8E77-43E2-BEC5-1D62BB26859E}.Release|Any CPU.Build.0 = Release|Any CPU
		{C28B6D65-8E77-43E2-BEC5-1D62BB26859E}.Debug|iPhoneSimulator.ActiveCfg = Debug|Any CPU
		{C28B6D65-8E77-43E2-BEC5-1D62BB26859E}.Debug|iPhoneSimulator.Build.0 = Debug|Any CPU
		{C28B6D65-8E77-43E2-BEC5-1D62BB26859E}.Release|iPhone.ActiveCfg = Release|Any CPU
		{C28B6D65-8E77-43E2-BEC5-1D62BB26859E}.Release|iPhone.Build.0 = Release|Any CPU
		{C28B6D65-8E77-43E2-BEC5-1D62BB26859E}.Release|iPhoneSimulator.ActiveCfg = Release|Any CPU
		{C28B6D65-8E77-43E2-BEC5-1D62BB26859E}.Release|iPhoneSimulator.Build.0 = Release|Any CPU
		{C28B6D65-8E77-43E2-BEC5-1D62BB26859E}.Debug|iPhone.ActiveCfg = Debug|Any CPU
		{C28B6D65-8E77-43E2-BEC5-1D62BB26859E}.Debug|iPhone.Build.0 = Debug|Any CPU
		{586D7423-0A13-4A8B-A5CF-0CB603CADD79}.Debug|Any CPU.ActiveCfg = Debug|iPhoneSimulator
		{586D7423-0A13-4A8B-A5CF-0CB603CADD79}.Debug|Any CPU.Build.0 = Debug|iPhoneSimulator
		{586D7423-0A13-4A8B-A5CF-0CB603CADD79}.Release|Any CPU.ActiveCfg = Release|iPhone
		{586D7423-0A13-4A8B-A5CF-0CB603CADD79}.Release|Any CPU.Build.0 = Release|iPhone
		{586D7423-0A13-4A8B-A5CF-0CB603CADD79}.Debug|iPhoneSimulator.ActiveCfg = Debug|iPhoneSimulator
		{586D7423-0A13-4A8B-A5CF-0CB603CADD79}.Debug|iPhoneSimulator.Build.0 = Debug|iPhoneSimulator
		{586D7423-0A13-4A8B-A5CF-0CB603CADD79}.Release|iPhone.ActiveCfg = Release|iPhone
		{586D7423-0A13-4A8B-A5CF-0CB603CADD79}.Release|iPhone.Build.0 = Release|iPhone
		{586D7423-0A13-4A8B-A5CF-0CB603CADD79}.Release|iPhoneSimulator.ActiveCfg = Release|iPhoneSimulator
		{586D7423-0A13-4A8B-A5CF-0CB603CADD79}.Release|iPhoneSimulator.Build.0 = Release|iPhoneSimulator
		{586D7423-0A13-4A8B-A5CF-0CB603CADD79}.Debug|iPhone.ActiveCfg = Debug|iPhone
		{586D7423-0A13-4A8B-A5CF-0CB603CADD79}.Debug|iPhone.Build.0 = Debug|iPhone
	EndGlobalSection
EndGlobal
